
Microsoft Visual Studio Solution File, Format Version 12.00
# Visual Studio Version 17
VisualStudioVersion = 17.8.34322.80
MinimumVisualStudioVersion = 10.0.40219.1
Project("{FAE04EC0-301F-11D3-BF4B-00C04F79EFBC}") = "Cubellaris", "Cubellaris\Cubellaris.csproj", "{AF2240B0-3499-4BCA-960D-7B806E31C5FA}"
EndProject
Global
	GlobalSection(SolutionConfigurationPlatforms) = preSolution
		Debug|Any CPU = Debug|Any CPU
		Release|Any CPU = Release|Any CPU
	EndGlobalSection
	GlobalSection(ProjectConfigurationPlatforms) = postSolution
		{AF2240B0-3499-4BCA-960D-7B806E31C5FA}.Debug|Any CPU.ActiveCfg = Debug|Any CPU
		{AF2240B0-3499-4BCA-960D-7B806E31C5FA}.Debug|Any CPU.Build.0 = Debug|Any CPU
		{AF2240B0-3499-4BCA-960D-7B806E31C5FA}.Release|Any CPU.ActiveCfg = Release|Any CPU
		{AF2240B0-3499-4BCA-960D-7B806E31C5FA}.Release|Any CPU.Build.0 = Release|Any CPU
	EndGlobalSection
	GlobalSection(SolutionProperties) = preSolution
		HideSolutionNode = FALSE
	EndGlobalSection
	GlobalSection(ExtensibilityGlobals) = postSolution
		SolutionGuid = {543392CA-6994-4229-A5EF-CEE634493563}
	EndGlobalSection
EndGlobal
